
Microsoft Visual Studio Solution File, Format Version 12.00
# Visual Studio Version 16
VisualStudioVersion = 16.0.29709.97
MinimumVisualStudioVersion = 10.0.40219.1
Project("{F184B08F-C81C-45F6-A57F-5ABD9991F28F}") = "Aplikasi Stok Barang", "Aplikasi Stok Barang\Aplikasi Stok Barang.vbproj", "{E661526C-CB47-45F6-B672-EDFC5D88454B}"
EndProject
Global
	GlobalSection(SolutionConfigurationPlatforms) = preSolution
		Debug|Any CPU = Debug|Any CPU
		Release|Any CPU = Release|Any CPU
	EndGlobalSection
	GlobalSection(ProjectConfigurationPlatforms) = postSolution
		{E661526C-CB47-45F6-B672-EDFC5D88454B}.Debug|Any CPU.ActiveCfg = Debug|Any CPU
		{E661526C-CB47-45F6-B672-EDFC5D88454B}.Debug|Any CPU.Build.0 = Debug|Any CPU
		{E661526C-CB47-45F6-B672-EDFC5D88454B}.Release|Any CPU.ActiveCfg = Release|Any CPU
		{E661526C-CB47-45F6-B672-EDFC5D88454B}.Release|Any CPU.Build.0 = Release|Any CPU
	EndGlobalSection
	GlobalSection(SolutionProperties) = preSolution
		HideSolutionNode = FALSE
	EndGlobalSection
	GlobalSection(ExtensibilityGlobals) = postSolution
		SolutionGuid = {ED2F9FB8-D305-4CE4-A5A0-ABAD4BC08D44}
	EndGlobalSection
EndGlobal
